
Microsoft Visual Studio Solution File, Format Version 10.00
# Visual Studio 2008
Project("{FAE04EC0-301F-11D3-BF4B-00C04F79EFBC}") = "Demo", "Demo\Demo.csproj", "{9C683417-B095-4EF8-94CB-5513D6314C12}"
EndProject
Project("{FAE04EC0-301F-11D3-BF4B-00C04F79EFBC}") = "DynamicQuery", "DynamicQuery\DynamicQuery.csproj", "{EFBF7917-F9C5-4C14-9EC1-8639ACB8B26B}"
EndProject
Project("{FAE04EC0-301F-11D3-BF4B-00C04F79EFBC}") = "MVCControl.JQuery.Plugins.FlexiGrid", "MVCControl.JQuery.Plugins.FlexiGrid\MVCControl.JQuery.Plugins.FlexiGrid.csproj", "{AFB41FA8-3E74-4040-9422-3738CCE25CA2}"
EndProject
Project("{FAE04EC0-301F-11D3-BF4B-00C04F79EFBC}") = "MVCControl.JQuery.Plugins.Core", "MVCControl.JQuery.Plugins.Core\MVCControl.JQuery.Plugins.Core.csproj", "{FB675108-D485-40A9-932F-3FC56785305C}"
EndProject
Global
	GlobalSection(SolutionConfigurationPlatforms) = preSolution
		Debug|Any CPU = Debug|Any CPU
		Release|Any CPU = Release|Any CPU
	EndGlobalSection
	GlobalSection(ProjectConfigurationPlatforms) = postSolution
		{9C683417-B095-4EF8-94CB-5513D6314C12}.Debug|Any CPU.ActiveCfg = Debug|Any CPU
		{9C683417-B095-4EF8-94CB-5513D6314C12}.Debug|Any CPU.Build.0 = Debug|Any CPU
		{9C683417-B095-4EF8-94CB-5513D6314C12}.Release|Any CPU.ActiveCfg = Release|Any CPU
		{9C683417-B095-4EF8-94CB-5513D6314C12}.Release|Any CPU.Build.0 = Release|Any CPU
		{EFBF7917-F9C5-4C14-9EC1-8639ACB8B26B}.Debug|Any CPU.ActiveCfg = Debug|Any CPU
		{EFBF7917-F9C5-4C14-9EC1-8639ACB8B26B}.Debug|Any CPU.Build.0 = Debug|Any CPU
		{EFBF7917-F9C5-4C14-9EC1-8639ACB8B26B}.Release|Any CPU.ActiveCfg = Release|Any CPU
		{EFBF7917-F9C5-4C14-9EC1-8639ACB8B26B}.Release|Any CPU.Build.0 = Release|Any CPU
		{AFB41FA8-3E74-4040-9422-3738CCE25CA2}.Debug|Any CPU.ActiveCfg = Debug|Any CPU
		{AFB41FA8-3E74-4040-9422-3738CCE25CA2}.Debug|Any CPU.Build.0 = Debug|Any CPU
		{AFB41FA8-3E74-4040-9422-3738CCE25CA2}.Release|Any CPU.ActiveCfg = Release|Any CPU
		{AFB41FA8-3E74-4040-9422-3738CCE25CA2}.Release|Any CPU.Build.0 = Release|Any CPU
		{FB675108-D485-40A9-932F-3FC56785305C}.Debug|Any CPU.ActiveCfg = Debug|Any CPU
		{FB675108-D485-40A9-932F-3FC56785305C}.Debug|Any CPU.Build.0 = Debug|Any CPU
		{FB675108-D485-40A9-932F-3FC56785305C}.Release|Any CPU.ActiveCfg = Release|Any CPU
		{FB675108-D485-40A9-932F-3FC56785305C}.Release|Any CPU.Build.0 = Release|Any CPU
	EndGlobalSection
	GlobalSection(SolutionProperties) = preSolution
		HideSolutionNode = FALSE
	EndGlobalSection
EndGlobal
